{
  "name": "smartfridge-backend",
  "version": "1.0.0",
  "lockfileVersion": 1,
  "requires": true,
  "dependencies": {
    "body-parser": {
      "version": "1.17.2",
      "resolved": "https://registry.npmjs.org/body-parser/-/body-parser-1.17.2.tgz",
      "integrity": "sha1-+IkqvI+eYn1Crtr7yma/WrmRBO4="
    },
    "bufferutil": {
      "version": "3.0.2",
      "resolved": "https://registry.npmjs.org/bufferutil/-/bufferutil-3.0.2.tgz",
      "integrity": "sha512-CGk0C62APhIdbcKwP6Pr293Pba/u9xvrC/X4D6YQZzxhSjb+/rHFYSCorEWIxLo6HbwTuy7SEsgTmsvBCn3dKw=="
    },
    "cookie-parser": {
      "version": "1.4.3",
      "resolved": "https://registry.npmjs.org/cookie-parser/-/cookie-parser-1.4.3.tgz",
      "integrity": "sha1-D+MfoZ0AC5X0qt8fU/3CuKIDuqU="
    },
    "cors": {
      "version": "2.8.4",
      "resolved": "https://registry.npmjs.org/cors/-/cors-2.8.4.tgz",
      "integrity": "sha1-K9OB8usgECAQXNUOpZ2mMJBpRoY="
    },
    "draggabilly": {
      "version": "2.3.0",
      "resolved": "https://registry.npmjs.org/draggabilly/-/draggabilly-2.3.0.tgz",
      "integrity": "sha512-gSsHrIE3rYK9fhK2vQC83t2YsbKbAHQkLsxsXw9TI3LUziq8EZXjX8g7eaf/NlrtWTFqgz7FmP/kdIvLjt64wA==",
      "requires": {
        "get-size": "^2.0.2",
        "unidragger": "^2.3.0"
      }
    },
    "ev-emitter": {
      "version": "1.1.1",
      "resolved": "https://registry.npmjs.org/ev-emitter/-/ev-emitter-1.1.1.tgz",
      "integrity": "sha512-ipiDYhdQSCZ4hSbX4rMW+XzNKMD1prg/sTvoVmSLkuQ1MVlwjJQQA+sW8tMYR3BLUr9KjodFV4pvzunvRhd33Q=="
    },
    "express": {
      "version": "4.15.3",
      "resolved": "https://registry.npmjs.org/express/-/express-4.15.3.tgz",
      "integrity": "sha1-urZdDwOqgMNYQIly/HAPkWlEtmI="
    },
    "express-session": {
      "version": "1.15.5",
      "resolved": "https://registry.npmjs.org/express-session/-/express-session-1.15.5.tgz",
      "integrity": "sha512-BBVy6E/XqjB507wqe5T+7Ia2N/gtur/dT/fKmvGGKQqUrzI4dcBPGJgV4t2ciX7FoxZPhZcKTDTmb4+5nCyQOw==",
      "dependencies": {
        "debug": {
          "version": "2.6.8",
          "resolved": "https://registry.npmjs.org/debug/-/debug-2.6.8.tgz",
          "integrity": "sha1-5zFTHKLt4n0YgiJCfaF4IdaP9Pw="
        }
      }
    },
    "get-size": {
      "version": "2.0.3",
      "resolved": "https://registry.npmjs.org/get-size/-/get-size-2.0.3.tgz",
      "integrity": "sha512-lXNzT/h/dTjTxRbm9BXb+SGxxzkm97h/PCIKtlN/CBCxxmkkIVV21udumMS93MuVTDX583gqc94v3RjuHmI+2Q=="
    },
    "lodash": {
      "version": "4.17.21",
      "resolved": "https://registry.npmjs.org/lodash/-/lodash-4.17.21.tgz",
      "integrity": "sha512-v2kDEe57lecTulaDIuNTPy3Ry4gLGJ6Z1O3vE1krgXZNrsQ+LFTGHVxVjcXPs17LhbZVGedAJv8XZ1tvj5FvSg=="
    },
    "moment": {
      "version": "2.18.1",
      "resolved": "https://registry.npmjs.org/moment/-/moment-2.18.1.tgz",
      "integrity": "sha1-w2GT3Tzhwu7SrbfIAtu8d6gbHA8="
    },
    "mysql": {
      "version": "2.14.1",
      "resolved": "https://registry.npmjs.org/mysql/-/mysql-2.14.1.tgz",
      "integrity": "sha512-ZPXqQeYH7L1QPDyC77Rcp32cNCQnNjz8Y4BbF17tOjm5yhSfjFa3xS4PvuxWJtEEmwVc4ccI7sSntj4eyYRq0A=="
    },
    "passport": {
      "version": "0.3.2",
      "resolved": "https://registry.npmjs.org/passport/-/passport-0.3.2.tgz",
      "integrity": "sha1-ndAJ+RXo/glbASSgG4+C2gdRAQI="
    },
    "passport-local": {
      "version": "1.0.0",
      "resolved": "https://registry.npmjs.org/passport-local/-/passport-local-1.0.0.tgz",
      "integrity": "sha1-H+YyaMkudWBmJkN+O5BmYsFbpu4="
    },
    "pg": {
      "version": "7.1.0",
      "resolved": "https://registry.npmjs.org/pg/-/pg-7.1.0.tgz",
      "integrity": "sha1-naPwnTmDUhUhwdg2m22aEwbP6f4="
    },
    "sendgrid": {
      "version": "5.2.0",
      "resolved": "https://registry.npmjs.org/sendgrid/-/sendgrid-5.2.0.tgz",
      "integrity": "sha512-F1ps0j4vldM2NJjQeAcGT/o2wUbR2j5jEagLYcS7f9XRhcnj3WjFc2tpXfSBJ4+CgIQGuzP9S19ZD5RZYdtTwA=="
    },
    "unidragger": {
      "version": "2.3.1",
      "resolved": "https://registry.npmjs.org/unidragger/-/unidragger-2.3.1.tgz",
      "integrity": "sha512-u+IgG7AG0MXJTKcdzAIYxCm+W5FcnA9M28203Awl6jIcE3/+9OtEyUX4Wv64y7XNKEVRKPot52IV4V6x7FlF5Q==",
      "requires": {
        "unipointer": "^2.3.0"
      }
    },
    "unipointer": {
      "version": "2.3.0",
      "resolved": "https://registry.npmjs.org/unipointer/-/unipointer-2.3.0.tgz",
      "integrity": "sha512-m85sAoELCZhogI1owtJV3Dva7GxkHk2lI7A0otw3o0OwCuC/Q9gi7ehddigEYIAYbhkqNdri+dU1QQkrcBvirQ==",
      "requires": {
        "ev-emitter": "^1.0.1"
      }
    },
    "utf-8-validate": {
      "version": "3.0.3",
      "resolved": "https://registry.npmjs.org/utf-8-validate/-/utf-8-validate-3.0.3.tgz",
      "integrity": "sha512-uwD6vBjyGvvAN6v0rRnhxzKcUhOVASqdu+y79l7E6sDzE5bhwo8+Cc5t7sU8grDWWDOUGv0Uw8oWCchD+FtZ9A=="
    },
    "ws": {
      "version": "3.1.0",
      "resolved": "https://registry.npmjs.org/ws/-/ws-3.1.0.tgz",
      "integrity": "sha512-TU4/qKFlyQFqNITNWiqPCUY9GqlAhEotlzfcZcve6VT1YEngQl1dDMqwQQS3eMYruJ5r/UD3lcsWib6iVMDGDw=="
    }
  }
}
